
Microsoft Visual Studio Solution File, Format Version 12.00
# Visual Studio 15
VisualStudioVersion = 15.0.28010.2046
MinimumVisualStudioVersion = 10.0.40219.1
Project("{FAE04EC0-301F-11D3-BF4B-00C04F79EFBC}") = "Control_FNATIK", "Control_FNATIK\Control_FNATIK.csproj", "{05220585-359F-4068-9F85-2F483005FF54}"
EndProject
Global
	GlobalSection(SolutionConfigurationPlatforms) = preSolution
		Debug|Any CPU = Debug|Any CPU
		Release|Any CPU = Release|Any CPU
	EndGlobalSection
	GlobalSection(ProjectConfigurationPlatforms) = postSolution
		{05220585-359F-4068-9F85-2F483005FF54}.Debug|Any CPU.ActiveCfg = Debug|Any CPU
		{05220585-359F-4068-9F85-2F483005FF54}.Debug|Any CPU.Build.0 = Debug|Any CPU
		{05220585-359F-4068-9F85-2F483005FF54}.Release|Any CPU.ActiveCfg = Release|Any CPU
		{05220585-359F-4068-9F85-2F483005FF54}.Release|Any CPU.Build.0 = Release|Any CPU
	EndGlobalSection
	GlobalSection(SolutionProperties) = preSolution
		HideSolutionNode = FALSE
	EndGlobalSection
	GlobalSection(ExtensibilityGlobals) = postSolution
		SolutionGuid = {18ABF1BF-4316-450C-B1C1-E45F282CDF35}
	EndGlobalSection
EndGlobal
