
Microsoft Visual Studio Solution File, Format Version 12.00
# Visual Studio 15
VisualStudioVersion = 15.0.28010.2036
MinimumVisualStudioVersion = 10.0.40219.1
Project("{FAE04EC0-301F-11D3-BF4B-00C04F79EFBC}") = "rasu_fnatik", "rasu_fnatik\rasu_fnatik.csproj", "{20E9CA58-FB86-40A5-BC77-96A69458EB25}"
EndProject
Project("{FAE04EC0-301F-11D3-BF4B-00C04F79EFBC}") = "Menu", "Menu\Menu.csproj", "{97BD180E-A4C3-43C2-A4E4-CC67C093C048}"
EndProject
Project("{FAE04EC0-301F-11D3-BF4B-00C04F79EFBC}") = "About", "About\About.csproj", "{9929035E-8D15-44BC-B7FB-3B17A78CA910}"
EndProject
Global
	GlobalSection(SolutionConfigurationPlatforms) = preSolution
		Debug|Any CPU = Debug|Any CPU
		Release|Any CPU = Release|Any CPU
	EndGlobalSection
	GlobalSection(ProjectConfigurationPlatforms) = postSolution
		{20E9CA58-FB86-40A5-BC77-96A69458EB25}.Debug|Any CPU.ActiveCfg = Debug|Any CPU
		{20E9CA58-FB86-40A5-BC77-96A69458EB25}.Debug|Any CPU.Build.0 = Debug|Any CPU
		{20E9CA58-FB86-40A5-BC77-96A69458EB25}.Release|Any CPU.ActiveCfg = Release|Any CPU
		{20E9CA58-FB86-40A5-BC77-96A69458EB25}.Release|Any CPU.Build.0 = Release|Any CPU
		{97BD180E-A4C3-43C2-A4E4-CC67C093C048}.Debug|Any CPU.ActiveCfg = Debug|Any CPU
		{97BD180E-A4C3-43C2-A4E4-CC67C093C048}.Debug|Any CPU.Build.0 = Debug|Any CPU
		{97BD180E-A4C3-43C2-A4E4-CC67C093C048}.Release|Any CPU.ActiveCfg = Release|Any CPU
		{97BD180E-A4C3-43C2-A4E4-CC67C093C048}.Release|Any CPU.Build.0 = Release|Any CPU
		{9929035E-8D15-44BC-B7FB-3B17A78CA910}.Debug|Any CPU.ActiveCfg = Debug|Any CPU
		{9929035E-8D15-44BC-B7FB-3B17A78CA910}.Debug|Any CPU.Build.0 = Debug|Any CPU
		{9929035E-8D15-44BC-B7FB-3B17A78CA910}.Release|Any CPU.ActiveCfg = Release|Any CPU
		{9929035E-8D15-44BC-B7FB-3B17A78CA910}.Release|Any CPU.Build.0 = Release|Any CPU
	EndGlobalSection
	GlobalSection(SolutionProperties) = preSolution
		HideSolutionNode = FALSE
	EndGlobalSection
	GlobalSection(ExtensibilityGlobals) = postSolution
		SolutionGuid = {07C35082-4EED-4110-8152-E3DC45B31C10}
	EndGlobalSection
EndGlobal
