
Microsoft Visual Studio Solution File, Format Version 12.00
# Visual Studio 15
VisualStudioVersion = 15.0.28010.2036
MinimumVisualStudioVersion = 10.0.40219.1
Project("{FAE04EC0-301F-11D3-BF4B-00C04F79EFBC}") = "rasu_fnatik", "rasu_fnatik\rasu_fnatik.csproj", "{20E9CA58-FB86-40A5-BC77-96A69458EB25}"
EndProject
Project("{FAE04EC0-301F-11D3-BF4B-00C04F79EFBC}") = "CustomControlButton", "CustomControlButton\CustomControlButton.csproj", "{CA4A213D-5FF3-4D05-A221-FED09C34362B}"
EndProject
Project("{FAE04EC0-301F-11D3-BF4B-00C04F79EFBC}") = "gestion_usuarios", "gestion_usuarios\gestion_usuarios\gestion_usuarios.csproj", "{B0CFD9B3-E7DF-4BF3-8A5F-26182D1B96C7}"
EndProject
Project("{FAE04EC0-301F-11D3-BF4B-00C04F79EFBC}") = "Form_Base", "Pruevas2\Pruevas2\Form_Base.csproj", "{C6378C78-7A9B-4978-877B-CB48B986CD4C}"
EndProject
Project("{FAE04EC0-301F-11D3-BF4B-00C04F79EFBC}") = "Control_FNATIK", "ControlTextBox_FNATIK\Control_FNATIK\Control_FNATIK.csproj", "{05220585-359F-4068-9F85-2F483005FF54}"
EndProject
Project("{FAE04EC0-301F-11D3-BF4B-00C04F79EFBC}") = "Splash", "Splash\Splash.csproj", "{8D0D6174-BE95-46B4-BFFF-E80DAA3C8B78}"
EndProject
Project("{FAE04EC0-301F-11D3-BF4B-00C04F79EFBC}") = "Clase_bbdd_fnatik", "Clase_bbdd_fnatik\Clase_bbdd_fnatik\Clase_bbdd_fnatik.csproj", "{FBE3CF6B-DA85-4428-BBCF-34F8DEACB897}"
EndProject
Project("{FAE04EC0-301F-11D3-BF4B-00C04F79EFBC}") = "gestion_categorias", "gestion_categorias\gestion_categorias.csproj", "{7F9FDD5A-F338-45DA-A8E9-7D687DCADCF6}"
EndProject
Project("{FAE04EC0-301F-11D3-BF4B-00C04F79EFBC}") = "gestion_pantallas", "gestion_pantallas\gestion_pantallas.csproj", "{438D49FC-0571-47BB-AE80-7D711E1AD516}"
EndProject
Project("{FAE04EC0-301F-11D3-BF4B-00C04F79EFBC}") = "Form_Base_FK", "Form_Base_FK\Form_Base_FK.csproj", "{BFCD1677-8D39-420E-ACAF-3CCD2C88A302}"
EndProject
Project("{FAE04EC0-301F-11D3-BF4B-00C04F79EFBC}") = "Sds", "SdsCodi_FNATIK\Sds\Sds\Sds.csproj", "{AD43CC23-2FE6-447D-8415-CD4328744054}"
EndProject
Project("{FAE04EC0-301F-11D3-BF4B-00C04F79EFBC}") = "gestion_rangos", "gestion_rangos\gestion_rangos.csproj", "{E5E4C4B8-6836-47F4-A572-5F6FFAB1BF0B}"
EndProject
Global
	GlobalSection(SolutionConfigurationPlatforms) = preSolution
		Debug|Any CPU = Debug|Any CPU
		Release|Any CPU = Release|Any CPU
	EndGlobalSection
	GlobalSection(ProjectConfigurationPlatforms) = postSolution
		{20E9CA58-FB86-40A5-BC77-96A69458EB25}.Debug|Any CPU.ActiveCfg = Debug|Any CPU
		{20E9CA58-FB86-40A5-BC77-96A69458EB25}.Debug|Any CPU.Build.0 = Debug|Any CPU
		{20E9CA58-FB86-40A5-BC77-96A69458EB25}.Release|Any CPU.ActiveCfg = Release|Any CPU
		{20E9CA58-FB86-40A5-BC77-96A69458EB25}.Release|Any CPU.Build.0 = Release|Any CPU
		{CA4A213D-5FF3-4D05-A221-FED09C34362B}.Debug|Any CPU.ActiveCfg = Debug|Any CPU
		{CA4A213D-5FF3-4D05-A221-FED09C34362B}.Debug|Any CPU.Build.0 = Debug|Any CPU
		{CA4A213D-5FF3-4D05-A221-FED09C34362B}.Release|Any CPU.ActiveCfg = Release|Any CPU
		{CA4A213D-5FF3-4D05-A221-FED09C34362B}.Release|Any CPU.Build.0 = Release|Any CPU
		{B0CFD9B3-E7DF-4BF3-8A5F-26182D1B96C7}.Debug|Any CPU.ActiveCfg = Debug|Any CPU
		{B0CFD9B3-E7DF-4BF3-8A5F-26182D1B96C7}.Debug|Any CPU.Build.0 = Debug|Any CPU
		{B0CFD9B3-E7DF-4BF3-8A5F-26182D1B96C7}.Release|Any CPU.ActiveCfg = Release|Any CPU
		{B0CFD9B3-E7DF-4BF3-8A5F-26182D1B96C7}.Release|Any CPU.Build.0 = Release|Any CPU
		{C6378C78-7A9B-4978-877B-CB48B986CD4C}.Debug|Any CPU.ActiveCfg = Debug|Any CPU
		{C6378C78-7A9B-4978-877B-CB48B986CD4C}.Debug|Any CPU.Build.0 = Debug|Any CPU
		{C6378C78-7A9B-4978-877B-CB48B986CD4C}.Release|Any CPU.ActiveCfg = Release|Any CPU
		{C6378C78-7A9B-4978-877B-CB48B986CD4C}.Release|Any CPU.Build.0 = Release|Any CPU
		{05220585-359F-4068-9F85-2F483005FF54}.Debug|Any CPU.ActiveCfg = Debug|Any CPU
		{05220585-359F-4068-9F85-2F483005FF54}.Debug|Any CPU.Build.0 = Debug|Any CPU
		{05220585-359F-4068-9F85-2F483005FF54}.Release|Any CPU.ActiveCfg = Release|Any CPU
		{05220585-359F-4068-9F85-2F483005FF54}.Release|Any CPU.Build.0 = Release|Any CPU
		{8D0D6174-BE95-46B4-BFFF-E80DAA3C8B78}.Debug|Any CPU.ActiveCfg = Debug|Any CPU
		{8D0D6174-BE95-46B4-BFFF-E80DAA3C8B78}.Debug|Any CPU.Build.0 = Debug|Any CPU
		{8D0D6174-BE95-46B4-BFFF-E80DAA3C8B78}.Release|Any CPU.ActiveCfg = Release|Any CPU
		{8D0D6174-BE95-46B4-BFFF-E80DAA3C8B78}.Release|Any CPU.Build.0 = Release|Any CPU
		{FBE3CF6B-DA85-4428-BBCF-34F8DEACB897}.Debug|Any CPU.ActiveCfg = Debug|Any CPU
		{FBE3CF6B-DA85-4428-BBCF-34F8DEACB897}.Debug|Any CPU.Build.0 = Debug|Any CPU
		{FBE3CF6B-DA85-4428-BBCF-34F8DEACB897}.Release|Any CPU.ActiveCfg = Release|Any CPU
		{FBE3CF6B-DA85-4428-BBCF-34F8DEACB897}.Release|Any CPU.Build.0 = Release|Any CPU
		{7F9FDD5A-F338-45DA-A8E9-7D687DCADCF6}.Debug|Any CPU.ActiveCfg = Debug|Any CPU
		{7F9FDD5A-F338-45DA-A8E9-7D687DCADCF6}.Debug|Any CPU.Build.0 = Debug|Any CPU
		{7F9FDD5A-F338-45DA-A8E9-7D687DCADCF6}.Release|Any CPU.ActiveCfg = Release|Any CPU
		{7F9FDD5A-F338-45DA-A8E9-7D687DCADCF6}.Release|Any CPU.Build.0 = Release|Any CPU
		{438D49FC-0571-47BB-AE80-7D711E1AD516}.Debug|Any CPU.ActiveCfg = Debug|Any CPU
		{438D49FC-0571-47BB-AE80-7D711E1AD516}.Debug|Any CPU.Build.0 = Debug|Any CPU
		{438D49FC-0571-47BB-AE80-7D711E1AD516}.Release|Any CPU.ActiveCfg = Release|Any CPU
		{438D49FC-0571-47BB-AE80-7D711E1AD516}.Release|Any CPU.Build.0 = Release|Any CPU
		{BFCD1677-8D39-420E-ACAF-3CCD2C88A302}.Debug|Any CPU.ActiveCfg = Debug|Any CPU
		{BFCD1677-8D39-420E-ACAF-3CCD2C88A302}.Debug|Any CPU.Build.0 = Debug|Any CPU
		{BFCD1677-8D39-420E-ACAF-3CCD2C88A302}.Release|Any CPU.ActiveCfg = Release|Any CPU
		{BFCD1677-8D39-420E-ACAF-3CCD2C88A302}.Release|Any CPU.Build.0 = Release|Any CPU
		{AD43CC23-2FE6-447D-8415-CD4328744054}.Debug|Any CPU.ActiveCfg = Debug|Any CPU
		{AD43CC23-2FE6-447D-8415-CD4328744054}.Debug|Any CPU.Build.0 = Debug|Any CPU
		{AD43CC23-2FE6-447D-8415-CD4328744054}.Release|Any CPU.ActiveCfg = Release|Any CPU
		{AD43CC23-2FE6-447D-8415-CD4328744054}.Release|Any CPU.Build.0 = Release|Any CPU
		{E5E4C4B8-6836-47F4-A572-5F6FFAB1BF0B}.Debug|Any CPU.ActiveCfg = Debug|Any CPU
		{E5E4C4B8-6836-47F4-A572-5F6FFAB1BF0B}.Debug|Any CPU.Build.0 = Debug|Any CPU
		{E5E4C4B8-6836-47F4-A572-5F6FFAB1BF0B}.Release|Any CPU.ActiveCfg = Release|Any CPU
		{E5E4C4B8-6836-47F4-A572-5F6FFAB1BF0B}.Release|Any CPU.Build.0 = Release|Any CPU
	EndGlobalSection
	GlobalSection(SolutionProperties) = preSolution
		HideSolutionNode = FALSE
	EndGlobalSection
	GlobalSection(ExtensibilityGlobals) = postSolution
		SolutionGuid = {07C35082-4EED-4110-8152-E3DC45B31C10}
	EndGlobalSection
EndGlobal
