
Microsoft Visual Studio Solution File, Format Version 12.00
# Visual Studio 15
VisualStudioVersion = 15.0.28010.2046
MinimumVisualStudioVersion = 10.0.40219.1
Project("{FAE04EC0-301F-11D3-BF4B-00C04F79EFBC}") = "SdsMenuItem", "SdsMenuItem\SdsMenuItem.csproj", "{1B43655F-ECBC-45E8-BE96-D81A14DA8F37}"
EndProject
Global
	GlobalSection(SolutionConfigurationPlatforms) = preSolution
		Debug|Any CPU = Debug|Any CPU
		Release|Any CPU = Release|Any CPU
	EndGlobalSection
	GlobalSection(ProjectConfigurationPlatforms) = postSolution
		{1B43655F-ECBC-45E8-BE96-D81A14DA8F37}.Debug|Any CPU.ActiveCfg = Debug|Any CPU
		{1B43655F-ECBC-45E8-BE96-D81A14DA8F37}.Debug|Any CPU.Build.0 = Debug|Any CPU
		{1B43655F-ECBC-45E8-BE96-D81A14DA8F37}.Release|Any CPU.ActiveCfg = Release|Any CPU
		{1B43655F-ECBC-45E8-BE96-D81A14DA8F37}.Release|Any CPU.Build.0 = Release|Any CPU
	EndGlobalSection
	GlobalSection(SolutionProperties) = preSolution
		HideSolutionNode = FALSE
	EndGlobalSection
	GlobalSection(ExtensibilityGlobals) = postSolution
		SolutionGuid = {486988A5-CE39-4032-8462-6B9CB7B939C6}
	EndGlobalSection
EndGlobal
