
Microsoft Visual Studio Solution File, Format Version 12.00
# Visual Studio 15
VisualStudioVersion = 15.0.28010.2036
MinimumVisualStudioVersion = 10.0.40219.1
Project("{FAE04EC0-301F-11D3-BF4B-00C04F79EFBC}") = "Prototipo_Login", "Prototipo_Login\Prototipo_Login.csproj", "{E86C2719-E98C-40CF-9D3E-35982AD4A1AD}"
EndProject
Global
	GlobalSection(SolutionConfigurationPlatforms) = preSolution
		Debug|Any CPU = Debug|Any CPU
		Release|Any CPU = Release|Any CPU
	EndGlobalSection
	GlobalSection(ProjectConfigurationPlatforms) = postSolution
		{E86C2719-E98C-40CF-9D3E-35982AD4A1AD}.Debug|Any CPU.ActiveCfg = Debug|Any CPU
		{E86C2719-E98C-40CF-9D3E-35982AD4A1AD}.Debug|Any CPU.Build.0 = Debug|Any CPU
		{E86C2719-E98C-40CF-9D3E-35982AD4A1AD}.Release|Any CPU.ActiveCfg = Release|Any CPU
		{E86C2719-E98C-40CF-9D3E-35982AD4A1AD}.Release|Any CPU.Build.0 = Release|Any CPU
	EndGlobalSection
	GlobalSection(SolutionProperties) = preSolution
		HideSolutionNode = FALSE
	EndGlobalSection
	GlobalSection(ExtensibilityGlobals) = postSolution
		SolutionGuid = {6E3DC76A-3743-4AAD-BDDD-DBCC1A9BD7CD}
	EndGlobalSection
EndGlobal
